# This file was autogenerated by Stack.
# You should not edit this file by hand.
# For more information, please see the documentation at:
#   https://docs.haskellstack.org/en/stable/topics/lock_files

packages:
- completed:
    hackage: request-0.4.0.0@sha256:ed44dc5de6d07774188bf23316a34b582b0ed0cadaf47ce4c87a6fa155ad03a0,1472
    pantry-tree:
      sha256: dfd3abab3ed2a9ece3ed38b064828cf1046785f4b5ca9d7f18b3d60ba60c72a6
      size: 321
  original:
    hackage: request-0.4.0.0
snapshots:
- completed:
    sha256: 2d580e973dc1a5ff70cd2bb1248613f835829b38eed5db5dafc3615a22cb1bcd
    size: 679292
    url: https://raw.githubusercontent.com/commercialhaskell/stackage-snapshots/master/lts/23/5.yaml
  original:
    url: https://raw.githubusercontent.com/commercialhaskell/stackage-snapshots/master/lts/23/5.yaml
